
Microsoft Visual Studio Solution File, Format Version 12.00
Project("{FAE04EC0-301F-11D3-BF4B-00C04F79EFBC}") = "SuperHeroApi", "SuperHeroApi\SuperHeroApi.csproj", "{DB4E2149-0F50-4493-B9FB-2B697ADAAD1D}"
EndProject
Project("{FAE04EC0-301F-11D3-BF4B-00C04F79EFBC}") = "TestsWithBasicSetup", "TestsWithBasicSetup\TestsWithBasicSetup.csproj", "{760AF305-5CBD-4969-B317-2D3B6985C505}"
EndProject
Project("{FAE04EC0-301F-11D3-BF4B-00C04F79EFBC}") = "TestsWithThirdPartyApiCalls", "TestsWithThirdPartyServiceCalls\TestsWithThirdPartyApiCalls.csproj", "{D0403588-611B-4B7E-A52C-F95E598A60AF}"
EndProject
Project("{2150E333-8FDC-42A3-9474-1A3956D46DE8}") = "tests", "tests", "{845182F2-FECE-4EE8-8AC7-C447D375EE9D}"
EndProject
Project("{FAE04EC0-301F-11D3-BF4B-00C04F79EFBC}") = "SuperHeroMoviesApi", "SuperHeroMoviesApi\SuperHeroMoviesApi.csproj", "{AD446C22-4B5D-49CF-95A0-3DE1AC8CEC0A}"
EndProject
Project("{2150E333-8FDC-42A3-9474-1A3956D46DE8}") = "src", "src", "{DF7941D3-D1BA-45EE-8B77-D0D5E95384A7}"
EndProject
Global
	GlobalSection(SolutionConfigurationPlatforms) = preSolution
		Debug|Any CPU = Debug|Any CPU
		Release|Any CPU = Release|Any CPU
	EndGlobalSection
	GlobalSection(ProjectConfigurationPlatforms) = postSolution
		{DB4E2149-0F50-4493-B9FB-2B697ADAAD1D}.Debug|Any CPU.ActiveCfg = Debug|Any CPU
		{DB4E2149-0F50-4493-B9FB-2B697ADAAD1D}.Debug|Any CPU.Build.0 = Debug|Any CPU
		{DB4E2149-0F50-4493-B9FB-2B697ADAAD1D}.Release|Any CPU.ActiveCfg = Release|Any CPU
		{DB4E2149-0F50-4493-B9FB-2B697ADAAD1D}.Release|Any CPU.Build.0 = Release|Any CPU
		{760AF305-5CBD-4969-B317-2D3B6985C505}.Debug|Any CPU.ActiveCfg = Debug|Any CPU
		{760AF305-5CBD-4969-B317-2D3B6985C505}.Debug|Any CPU.Build.0 = Debug|Any CPU
		{760AF305-5CBD-4969-B317-2D3B6985C505}.Release|Any CPU.ActiveCfg = Release|Any CPU
		{760AF305-5CBD-4969-B317-2D3B6985C505}.Release|Any CPU.Build.0 = Release|Any CPU
		{D0403588-611B-4B7E-A52C-F95E598A60AF}.Debug|Any CPU.ActiveCfg = Debug|Any CPU
		{D0403588-611B-4B7E-A52C-F95E598A60AF}.Debug|Any CPU.Build.0 = Debug|Any CPU
		{D0403588-611B-4B7E-A52C-F95E598A60AF}.Release|Any CPU.ActiveCfg = Release|Any CPU
		{D0403588-611B-4B7E-A52C-F95E598A60AF}.Release|Any CPU.Build.0 = Release|Any CPU
		{AD446C22-4B5D-49CF-95A0-3DE1AC8CEC0A}.Debug|Any CPU.ActiveCfg = Debug|Any CPU
		{AD446C22-4B5D-49CF-95A0-3DE1AC8CEC0A}.Debug|Any CPU.Build.0 = Debug|Any CPU
		{AD446C22-4B5D-49CF-95A0-3DE1AC8CEC0A}.Release|Any CPU.ActiveCfg = Release|Any CPU
		{AD446C22-4B5D-49CF-95A0-3DE1AC8CEC0A}.Release|Any CPU.Build.0 = Release|Any CPU
	EndGlobalSection
	GlobalSection(NestedProjects) = preSolution
		{760AF305-5CBD-4969-B317-2D3B6985C505} = {845182F2-FECE-4EE8-8AC7-C447D375EE9D}
		{D0403588-611B-4B7E-A52C-F95E598A60AF} = {845182F2-FECE-4EE8-8AC7-C447D375EE9D}
		{DB4E2149-0F50-4493-B9FB-2B697ADAAD1D} = {DF7941D3-D1BA-45EE-8B77-D0D5E95384A7}
		{AD446C22-4B5D-49CF-95A0-3DE1AC8CEC0A} = {DF7941D3-D1BA-45EE-8B77-D0D5E95384A7}
	EndGlobalSection
EndGlobal
