
Microsoft Visual Studio Solution File, Format Version 12.00
Project("{2150E333-8FDC-42A3-9474-1A3956D46DE8}") = "tests", "tests", "{845182F2-FECE-4EE8-8AC7-C447D375EE9D}"
EndProject
Project("{2150E333-8FDC-42A3-9474-1A3956D46DE8}") = "src", "src", "{DF7941D3-D1BA-45EE-8B77-D0D5E95384A7}"
EndProject
Project("{2150E333-8FDC-42A3-9474-1A3956D46DE8}") = "BasicSetupDemo", "BasicSetupDemo", "{7D26E5EB-3A7A-4C9A-AE9A-599756548B3C}"
EndProject
Project("{FAE04EC0-301F-11D3-BF4B-00C04F79EFBC}") = "SuperHeroApi", "BasicSetupDemo\SuperHeroApi\SuperHeroApi.csproj", "{42867E4C-DFEF-4143-85CD-F18F43E1A550}"
EndProject
Project("{FAE04EC0-301F-11D3-BF4B-00C04F79EFBC}") = "TestsWithBasicSetup", "BasicSetupDemo\TestsWithBasicSetup\TestsWithBasicSetup.csproj", "{5B9EFA47-83FE-4E36-9E19-95CF855DA9CC}"
EndProject
Project("{2150E333-8FDC-42A3-9474-1A3956D46DE8}") = "DemoWithDatabase", "DemoWithDatabase", "{A4A6D4A9-4BAB-4AB9-A25B-963C63E9A2BC}"
EndProject
Project("{FAE04EC0-301F-11D3-BF4B-00C04F79EFBC}") = "SuperHeroApiWithDatabase", "DemoWithDatabase\SuperHeroApiWithDatabase\SuperHeroApiWithDatabase.csproj", "{696C5760-ADD5-4270-811D-EF01AFCBE723}"
EndProject
Project("{2150E333-8FDC-42A3-9474-1A3956D46DE8}") = "src", "src", "{3613E479-6BAD-4619-9222-F0940E788F8D}"
EndProject
Project("{2150E333-8FDC-42A3-9474-1A3956D46DE8}") = "tests", "tests", "{40AA88F5-40D0-4ECF-9388-132F483ECB45}"
EndProject
Project("{FAE04EC0-301F-11D3-BF4B-00C04F79EFBC}") = "SuperHeroApiWithDatabase.ApiTests", "DemoWithDatabase\SuperHeroApiWithDatabase.ApiTests\SuperHeroApiWithDatabase.ApiTests.csproj", "{51F420EB-F8A3-4484-9C80-2013FBC9483A}"
EndProject
Global
	GlobalSection(SolutionConfigurationPlatforms) = preSolution
		Debug|Any CPU = Debug|Any CPU
		Release|Any CPU = Release|Any CPU
	EndGlobalSection
	GlobalSection(ProjectConfigurationPlatforms) = postSolution
		{42867E4C-DFEF-4143-85CD-F18F43E1A550}.Debug|Any CPU.ActiveCfg = Debug|Any CPU
		{42867E4C-DFEF-4143-85CD-F18F43E1A550}.Debug|Any CPU.Build.0 = Debug|Any CPU
		{42867E4C-DFEF-4143-85CD-F18F43E1A550}.Release|Any CPU.ActiveCfg = Release|Any CPU
		{42867E4C-DFEF-4143-85CD-F18F43E1A550}.Release|Any CPU.Build.0 = Release|Any CPU
		{5B9EFA47-83FE-4E36-9E19-95CF855DA9CC}.Debug|Any CPU.ActiveCfg = Debug|Any CPU
		{5B9EFA47-83FE-4E36-9E19-95CF855DA9CC}.Debug|Any CPU.Build.0 = Debug|Any CPU
		{5B9EFA47-83FE-4E36-9E19-95CF855DA9CC}.Release|Any CPU.ActiveCfg = Release|Any CPU
		{5B9EFA47-83FE-4E36-9E19-95CF855DA9CC}.Release|Any CPU.Build.0 = Release|Any CPU
		{696C5760-ADD5-4270-811D-EF01AFCBE723}.Debug|Any CPU.ActiveCfg = Debug|Any CPU
		{696C5760-ADD5-4270-811D-EF01AFCBE723}.Debug|Any CPU.Build.0 = Debug|Any CPU
		{696C5760-ADD5-4270-811D-EF01AFCBE723}.Release|Any CPU.ActiveCfg = Release|Any CPU
		{696C5760-ADD5-4270-811D-EF01AFCBE723}.Release|Any CPU.Build.0 = Release|Any CPU
		{51F420EB-F8A3-4484-9C80-2013FBC9483A}.Debug|Any CPU.ActiveCfg = Debug|Any CPU
		{51F420EB-F8A3-4484-9C80-2013FBC9483A}.Debug|Any CPU.Build.0 = Debug|Any CPU
		{51F420EB-F8A3-4484-9C80-2013FBC9483A}.Release|Any CPU.ActiveCfg = Release|Any CPU
		{51F420EB-F8A3-4484-9C80-2013FBC9483A}.Release|Any CPU.Build.0 = Release|Any CPU
	EndGlobalSection
	GlobalSection(NestedProjects) = preSolution
		{DF7941D3-D1BA-45EE-8B77-D0D5E95384A7} = {7D26E5EB-3A7A-4C9A-AE9A-599756548B3C}
		{845182F2-FECE-4EE8-8AC7-C447D375EE9D} = {7D26E5EB-3A7A-4C9A-AE9A-599756548B3C}
		{42867E4C-DFEF-4143-85CD-F18F43E1A550} = {DF7941D3-D1BA-45EE-8B77-D0D5E95384A7}
		{5B9EFA47-83FE-4E36-9E19-95CF855DA9CC} = {845182F2-FECE-4EE8-8AC7-C447D375EE9D}
		{3613E479-6BAD-4619-9222-F0940E788F8D} = {A4A6D4A9-4BAB-4AB9-A25B-963C63E9A2BC}
		{40AA88F5-40D0-4ECF-9388-132F483ECB45} = {A4A6D4A9-4BAB-4AB9-A25B-963C63E9A2BC}
		{696C5760-ADD5-4270-811D-EF01AFCBE723} = {3613E479-6BAD-4619-9222-F0940E788F8D}
		{51F420EB-F8A3-4484-9C80-2013FBC9483A} = {40AA88F5-40D0-4ECF-9388-132F483ECB45}
	EndGlobalSection
EndGlobal
